
Microsoft Visual Studio Solution File, Format Version 12.00
# Visual Studio 15
VisualStudioVersion = 15.0.26228.9
MinimumVisualStudioVersion = 10.0.40219.1
Project("{FAE04EC0-301F-11D3-BF4B-00C04F79EFBC}") = "Merken.HereYouGo.ABuildServer", "Merken.HereYouGo.ABuildServer\Merken.HereYouGo.ABuildServer.csproj", "{4E9D8BDF-F0D3-450B-89BE-70C4B8D99002}"
EndProject
Project("{E53339B2-1760-4266-BCC7-CA923CBCF16C}") = "docker-compose", "docker-compose.dcproj", "{3AA63BEC-DE38-4FA1-A1D4-EFABB2D58E1D}"
EndProject
Project("{2150E333-8FDC-42A3-9474-1A3956D46DE8}") = "build", "build", "{0FDD1F23-921D-4B9D-A160-59FCC19D7275}"
	ProjectSection(SolutionItems) = preProject
		Dockerfile = Dockerfile
	EndProjectSection
EndProject
Global
	GlobalSection(SolutionConfigurationPlatforms) = preSolution
		Debug|Any CPU = Debug|Any CPU
		Release|Any CPU = Release|Any CPU
	EndGlobalSection
	GlobalSection(ProjectConfigurationPlatforms) = postSolution
		{4E9D8BDF-F0D3-450B-89BE-70C4B8D99002}.Debug|Any CPU.ActiveCfg = Debug|Any CPU
		{4E9D8BDF-F0D3-450B-89BE-70C4B8D99002}.Debug|Any CPU.Build.0 = Debug|Any CPU
		{4E9D8BDF-F0D3-450B-89BE-70C4B8D99002}.Release|Any CPU.ActiveCfg = Release|Any CPU
		{4E9D8BDF-F0D3-450B-89BE-70C4B8D99002}.Release|Any CPU.Build.0 = Release|Any CPU
		{3AA63BEC-DE38-4FA1-A1D4-EFABB2D58E1D}.Debug|Any CPU.ActiveCfg = Debug|Any CPU
		{3AA63BEC-DE38-4FA1-A1D4-EFABB2D58E1D}.Debug|Any CPU.Build.0 = Debug|Any CPU
		{3AA63BEC-DE38-4FA1-A1D4-EFABB2D58E1D}.Release|Any CPU.ActiveCfg = Release|Any CPU
		{3AA63BEC-DE38-4FA1-A1D4-EFABB2D58E1D}.Release|Any CPU.Build.0 = Release|Any CPU
	EndGlobalSection
	GlobalSection(SolutionProperties) = preSolution
		HideSolutionNode = FALSE
	EndGlobalSection
EndGlobal
